
Microsoft Visual Studio Solution File, Format Version 12.00
# Visual Studio Version 17
VisualStudioVersion = 17.3.32811.315
MinimumVisualStudioVersion = 10.0.40219.1
Project("{FAE04EC0-301F-11D3-BF4B-00C04F79EFBC}") = "Tetris", "Tetris\Tetris.csproj", "{055ACAB1-728F-41A4-9541-E1AF3CBA8D66}"
EndProject
Project("{54435603-DBB4-11D2-8724-00A0C9A8B90C}") = "TetrisSetup", "TetrisSetup\TetrisSetup.vdproj", "{905B0C2B-9744-4B12-AC0F-ADFEF3673F38}"
EndProject
Global
	GlobalSection(SolutionConfigurationPlatforms) = preSolution
		Debug|Any CPU = Debug|Any CPU
		Release|Any CPU = Release|Any CPU
	EndGlobalSection
	GlobalSection(ProjectConfigurationPlatforms) = postSolution
		{055ACAB1-728F-41A4-9541-E1AF3CBA8D66}.Debug|Any CPU.ActiveCfg = Debug|Any CPU
		{055ACAB1-728F-41A4-9541-E1AF3CBA8D66}.Debug|Any CPU.Build.0 = Debug|Any CPU
		{055ACAB1-728F-41A4-9541-E1AF3CBA8D66}.Release|Any CPU.ActiveCfg = Release|Any CPU
		{055ACAB1-728F-41A4-9541-E1AF3CBA8D66}.Release|Any CPU.Build.0 = Release|Any CPU
		{905B0C2B-9744-4B12-AC0F-ADFEF3673F38}.Debug|Any CPU.ActiveCfg = Debug
		{905B0C2B-9744-4B12-AC0F-ADFEF3673F38}.Release|Any CPU.ActiveCfg = Release
	EndGlobalSection
	GlobalSection(SolutionProperties) = preSolution
		HideSolutionNode = FALSE
	EndGlobalSection
	GlobalSection(ExtensibilityGlobals) = postSolution
		SolutionGuid = {F938A444-C0BF-4D0A-8E66-BB7753A2721A}
	EndGlobalSection
EndGlobal
