
Microsoft Visual Studio Solution File, Format Version 12.00
# Visual Studio Version 17
VisualStudioVersion = 17.7.33711.374
MinimumVisualStudioVersion = 10.0.40219.1
Project("{FAE04EC0-301F-11D3-BF4B-00C04F79EFBC}") = "lab23", "lab23\lab23.csproj", "{81A7B0E1-C6B4-4F70-8C4D-38A7F8CB8512}"
EndProject
Global
	GlobalSection(SolutionConfigurationPlatforms) = preSolution
		Debug|Any CPU = Debug|Any CPU
		Release|Any CPU = Release|Any CPU
	EndGlobalSection
	GlobalSection(ProjectConfigurationPlatforms) = postSolution
		{81A7B0E1-C6B4-4F70-8C4D-38A7F8CB8512}.Debug|Any CPU.ActiveCfg = Debug|Any CPU
		{81A7B0E1-C6B4-4F70-8C4D-38A7F8CB8512}.Debug|Any CPU.Build.0 = Debug|Any CPU
		{81A7B0E1-C6B4-4F70-8C4D-38A7F8CB8512}.Release|Any CPU.ActiveCfg = Release|Any CPU
		{81A7B0E1-C6B4-4F70-8C4D-38A7F8CB8512}.Release|Any CPU.Build.0 = Release|Any CPU
	EndGlobalSection
	GlobalSection(SolutionProperties) = preSolution
		HideSolutionNode = FALSE
	EndGlobalSection
	GlobalSection(ExtensibilityGlobals) = postSolution
		SolutionGuid = {BD5ABE15-176A-4657-AF22-7D2EC1C8FCF7}
	EndGlobalSection
EndGlobal
